<?xml version="1.0" encoding="utf-8"?>
<Project ToolsVersion="4.0" xmlns="http://schemas.microsoft.com/developer/msbuild/2003">
  <ItemGroup>
    <Filter Include="Resource Files">
      <UniqueIdentifier>{67DA6AB6-F800-4c08-8B7A-83BB121AAD01}</UniqueIdentifier>
      <Extensions>rc;ico;cur;bmp;dlg;rc2;rct;bin;rgs;gif;jpg;jpeg;jpe;resx;tiff;tif;png;wav;mfcribbon-ms</Extensions>
    </Filter>
    <Filter Include="Engine">
      <UniqueIdentifier>{cb735b4b-e4bf-4835-8548-407454db2d6c}</UniqueIdentifier>
    </Filter>
    <Filter Include="Engine\Diagnostics">
      <UniqueIdentifier>{47ae4f39-ad70-422c-8ac8-e3dfa9ca3a95}</UniqueIdentifier>
    </Filter>
  </ItemGroup>
  <ItemGroup>
    <ClCompile Include="Diagnostics\Log.cpp">
      <Filter>Engine\Diagnostics</Filter>
    </ClCompile>
  </ItemGroup>
  <ItemGroup>
    <ClInclude Include="Diagnostics\Log.h">
      <Filter>Engine\Diagnostics</Filter>
    </ClInclude>
  </ItemGroup>
</Project>