<?xml version="1.0" encoding="utf-8"?>
<Project ToolsVersion="4.0" xmlns="http://schemas.microsoft.com/developer/msbuild/2003">
  <ItemGroup>
    <Filter Include="imgui">
      <UniqueIdentifier>{8a1b09f5-d472-4bcb-aa30-220078d8b860}</UniqueIdentifier>
    </Filter>
    <Filter Include="Header Files">
      <UniqueIdentifier>{93995380-89BD-4b04-88EB-625FBE52EBFB}</UniqueIdentifier>
      <Extensions>h;hh;hpp;hxx;h++;hm;inl;inc;ipp;xsd</Extensions>
    </Filter>
    <Filter Include="Source Files">
      <UniqueIdentifier>{4FC737F1-C7A5-4376-A066-2A32D752A2FF}</UniqueIdentifier>
      <Extensions>cpp;c;cc;cxx;c++;cppm;ixx;def;odl;idl;hpj;bat;asm;asmx</Extensions>
    </Filter>
    <Filter Include="Resource Files">
      <UniqueIdentifier>{67DA6AB6-F800-4c08-8B7A-83BB121AAD01}</UniqueIdentifier>
      <Extensions>rc;ico;cur;bmp;dlg;rc2;rct;bin;rgs;gif;jpg;jpeg;jpe;resx;tiff;tif;png;wav;mfcribbon-ms</Extensions>
    </Filter>
    <Filter Include="Header Files\Light">
      <UniqueIdentifier>{cd0209e2-f147-41cd-a7a0-fb19e61c4d78}</UniqueIdentifier>
    </Filter>
    <Filter Include="Source Files\Light">
      <UniqueIdentifier>{6ea2d4fb-8567-490a-a483-4faab98716ef}</UniqueIdentifier>
    </Filter>
    <Filter Include="Header Files\imgui">
      <UniqueIdentifier>{48c8fa54-078d-4796-9a65-3c98fcd7b3eb}</UniqueIdentifier>
    </Filter>
    <Filter Include="Source Files\imgui">
      <UniqueIdentifier>{b272546e-e50f-4e09-bcf3-f1c505761b42}</UniqueIdentifier>
    </Filter>
    <Filter Include="Header Files\Input">
      <UniqueIdentifier>{5d2a0bd8-3874-40c6-bafe-db8cca90d746}</UniqueIdentifier>
    </Filter>
    <Filter Include="Source Files\Input">
      <UniqueIdentifier>{43625881-909f-4e8c-bfe2-ce640b444557}</UniqueIdentifier>
    </Filter>
    <Filter Include="Header Files\Mesh">
      <UniqueIdentifier>{7aed927b-ce7f-4fc3-acd1-ff2c7bd86e4b}</UniqueIdentifier>
    </Filter>
    <Filter Include="Source Files\Mesh">
      <UniqueIdentifier>{08f21b25-405d-40c3-9161-919eab43db5c}</UniqueIdentifier>
    </Filter>
    <Filter Include="Header Files\Mesh\Primitives">
      <UniqueIdentifier>{1097f10c-e73f-496f-8523-49fe013dc570}</UniqueIdentifier>
    </Filter>
    <Filter Include="Source Files\Mesh\Primitives">
      <UniqueIdentifier>{0bc5c58c-8d02-4351-8f2c-886e9978e21e}</UniqueIdentifier>
    </Filter>
    <Filter Include="Header Files\Rendering">
      <UniqueIdentifier>{787dda44-b85b-4049-b944-4dc6c62cd6a7}</UniqueIdentifier>
    </Filter>
    <Filter Include="Source Files\Rendering">
      <UniqueIdentifier>{be89765b-3ec6-492f-b651-ed72ab1a50dc}</UniqueIdentifier>
    </Filter>
    <Filter Include="Header Files\Scene Management">
      <UniqueIdentifier>{426ec24e-4b24-4f95-b7e2-5f6cd1181028}</UniqueIdentifier>
    </Filter>
    <Filter Include="Source Files\Scene Management">
      <UniqueIdentifier>{7b8436ca-f701-42b9-abce-2fd90b161c8f}</UniqueIdentifier>
    </Filter>
    <Filter Include="Header Files\Scene Management\Examples">
      <UniqueIdentifier>{50dd6bd6-5f6e-43b9-a885-9f42b922b078}</UniqueIdentifier>
    </Filter>
    <Filter Include="Source Files\Scene Management\Examples">
      <UniqueIdentifier>{07eea2cd-86a6-42bf-87fa-3dd1369d44bc}</UniqueIdentifier>
    </Filter>
    <Filter Include="Source Files\UI">
      <UniqueIdentifier>{a2e583af-3fb3-4436-b9a7-2cf5b7cfee0e}</UniqueIdentifier>
    </Filter>
    <Filter Include="Header Files\UI">
      <UniqueIdentifier>{18dd0aa9-36ff-4167-9780-9713ee244597}</UniqueIdentifier>
    </Filter>
    <Filter Include="Header Files\Movement">
      <UniqueIdentifier>{b9e98ca3-07bd-4f84-8f55-ade0cacd6b74}</UniqueIdentifier>
    </Filter>
    <Filter Include="Source Files\Movement">
      <UniqueIdentifier>{fd26cba3-b8b6-4cf5-ab83-c9b6f7712c93}</UniqueIdentifier>
    </Filter>
  </ItemGroup>
  <ItemGroup>
    <ClCompile Include="main.cpp">
      <Filter>Source Files</Filter>
    </ClCompile>
    <ClCompile Include="Camera.cpp">
      <Filter>Source Files</Filter>
    </ClCompile>
    <ClCompile Include="TextureLoader.cpp">
      <Filter>Source Files</Filter>
    </ClCompile>
    <ClCompile Include="DirectionalLight.cpp">
      <Filter>Source Files\Light</Filter>
    </ClCompile>
    <ClCompile Include="LightsManager.cpp">
      <Filter>Source Files\Light</Filter>
    </ClCompile>
    <ClCompile Include="PointLight.cpp">
      <Filter>Source Files\Light</Filter>
    </ClCompile>
    <ClCompile Include="SpotLight.cpp">
      <Filter>Source Files\Light</Filter>
    </ClCompile>
    <ClCompile Include="..\External Libraries\imgui\imgui_widgets.cpp">
      <Filter>Source Files\imgui</Filter>
    </ClCompile>
    <ClCompile Include="..\External Libraries\imgui\imgui.cpp">
      <Filter>Source Files\imgui</Filter>
    </ClCompile>
    <ClCompile Include="..\External Libraries\imgui\imgui_demo.cpp">
      <Filter>Source Files\imgui</Filter>
    </ClCompile>
    <ClCompile Include="..\External Libraries\imgui\imgui_draw.cpp">
      <Filter>Source Files\imgui</Filter>
    </ClCompile>
    <ClCompile Include="..\External Libraries\imgui\imgui_impl_glfw.cpp">
      <Filter>Source Files\imgui</Filter>
    </ClCompile>
    <ClCompile Include="..\External Libraries\imgui\imgui_impl_opengl3.cpp">
      <Filter>Source Files\imgui</Filter>
    </ClCompile>
    <ClCompile Include="..\External Libraries\imgui\imgui_tables.cpp">
      <Filter>Source Files\imgui</Filter>
    </ClCompile>
    <ClCompile Include="Component.cpp">
      <Filter>Source Files</Filter>
    </ClCompile>
    <ClCompile Include="GameObject.cpp">
      <Filter>Source Files</Filter>
    </ClCompile>
    <ClCompile Include="Transform.cpp">
      <Filter>Source Files</Filter>
    </ClCompile>
    <ClCompile Include="InputManager.cpp">
      <Filter>Source Files\Input</Filter>
    </ClCompile>
    <ClCompile Include="InputEditorShortcuts.cpp">
      <Filter>Source Files\Input</Filter>
    </ClCompile>
    <ClCompile Include="EditorMovement.cpp">
      <Filter>Source Files</Filter>
    </ClCompile>
    <ClCompile Include="SharedAsset.cpp">
      <Filter>Source Files</Filter>
    </ClCompile>
    <ClCompile Include="MeshBase.cpp">
      <Filter>Source Files\Mesh</Filter>
    </ClCompile>
    <ClCompile Include="SubMesh.cpp">
      <Filter>Source Files\Mesh</Filter>
    </ClCompile>
    <ClCompile Include="MeshImported.cpp">
      <Filter>Source Files\Mesh</Filter>
    </ClCompile>
    <ClCompile Include="MeshPrimitiveCube.cpp">
      <Filter>Source Files\Mesh\Primitives</Filter>
    </ClCompile>
    <ClCompile Include="MeshPrimitiveBase.cpp">
      <Filter>Source Files\Mesh\Primitives</Filter>
    </ClCompile>
    <ClCompile Include="MeshPrimitiveQuad.cpp">
      <Filter>Source Files\Mesh\Primitives</Filter>
    </ClCompile>
    <ClCompile Include="MeshPrimitiveSphere.cpp">
      <Filter>Source Files\Mesh\Primitives</Filter>
    </ClCompile>
    <ClCompile Include="Material.cpp">
      <Filter>Source Files\Rendering</Filter>
    </ClCompile>
    <ClCompile Include="MeshRenderer.cpp">
      <Filter>Source Files\Rendering</Filter>
    </ClCompile>
    <ClCompile Include="Shader.cpp">
      <Filter>Source Files\Rendering</Filter>
    </ClCompile>
    <ClCompile Include="Scene.cpp">
      <Filter>Source Files\Scene Management</Filter>
    </ClCompile>
    <ClCompile Include="SceneExample_LitForward.cpp">
      <Filter>Source Files\Scene Management\Examples</Filter>
    </ClCompile>
    <ClCompile Include="SceneExample.cpp">
      <Filter>Source Files\Scene Management\Examples</Filter>
    </ClCompile>
    <ClCompile Include="Skybox.cpp">
      <Filter>Source Files\Rendering</Filter>
    </ClCompile>
    <ClCompile Include="WorldOutlinerUI.cpp">
      <Filter>Source Files\UI</Filter>
    </ClCompile>
    <ClCompile Include="PositionOscillator.cpp">
      <Filter>Source Files\Movement</Filter>
    </ClCompile>
    <ClCompile Include="Rotator.cpp">
      <Filter>Source Files\Movement</Filter>
    </ClCompile>
    <ClCompile Include="ScaleOscillator.cpp">
      <Filter>Source Files\Movement</Filter>
    </ClCompile>
    <ClCompile Include="PropertiesUI.cpp">
      <Filter>Source Files\UI</Filter>
    </ClCompile>
    <ClCompile Include="Time.cpp">
      <Filter>Source Files</Filter>
    </ClCompile>
  </ItemGroup>
  <ItemGroup>
    <ClInclude Include="Camera.h">
      <Filter>Header Files</Filter>
    </ClInclude>
    <ClInclude Include="TextureLoader.h">
      <Filter>Header Files</Filter>
    </ClInclude>
    <ClInclude Include="Light.h">
      <Filter>Header Files\Light</Filter>
    </ClInclude>
    <ClInclude Include="PointLight.h">
      <Filter>Header Files\Light</Filter>
    </ClInclude>
    <ClInclude Include="DirectionalLight.h">
      <Filter>Header Files\Light</Filter>
    </ClInclude>
    <ClInclude Include="SpotLight.h">
      <Filter>Header Files\Light</Filter>
    </ClInclude>
    <ClInclude Include="LightsManager.h">
      <Filter>Header Files\Light</Filter>
    </ClInclude>
    <ClInclude Include="..\External Libraries\imgui\imconfig.h">
      <Filter>Header Files\imgui</Filter>
    </ClInclude>
    <ClInclude Include="..\External Libraries\imgui\imgui.h">
      <Filter>Header Files\imgui</Filter>
    </ClInclude>
    <ClInclude Include="..\External Libraries\imgui\imgui_impl_glfw.h">
      <Filter>Header Files\imgui</Filter>
    </ClInclude>
    <ClInclude Include="..\External Libraries\imgui\imgui_impl_opengl3.h">
      <Filter>Header Files\imgui</Filter>
    </ClInclude>
    <ClInclude Include="..\External Libraries\imgui\imgui_internal.h">
      <Filter>Header Files\imgui</Filter>
    </ClInclude>
    <ClInclude Include="..\External Libraries\imgui\imstb_rectpack.h">
      <Filter>Header Files\imgui</Filter>
    </ClInclude>
    <ClInclude Include="..\External Libraries\imgui\imstb_textedit.h">
      <Filter>Header Files\imgui</Filter>
    </ClInclude>
    <ClInclude Include="..\External Libraries\imgui\imstb_truetype.h">
      <Filter>Header Files\imgui</Filter>
    </ClInclude>
    <ClInclude Include="Component.h">
      <Filter>Header Files</Filter>
    </ClInclude>
    <ClInclude Include="GameObject.h">
      <Filter>Header Files</Filter>
    </ClInclude>
    <ClInclude Include="Transform.h">
      <Filter>Header Files</Filter>
    </ClInclude>
    <ClInclude Include="InputManager.h">
      <Filter>Header Files\Input</Filter>
    </ClInclude>
    <ClInclude Include="InputEditorShortcuts.h">
      <Filter>Header Files\Input</Filter>
    </ClInclude>
    <ClInclude Include="EditorMovement.h">
      <Filter>Header Files</Filter>
    </ClInclude>
    <ClInclude Include="SharedAsset.h">
      <Filter>Header Files</Filter>
    </ClInclude>
    <ClInclude Include="MeshBase.h">
      <Filter>Header Files\Mesh</Filter>
    </ClInclude>
    <ClInclude Include="SubMesh.h">
      <Filter>Header Files\Mesh</Filter>
    </ClInclude>
    <ClInclude Include="MeshImported.h">
      <Filter>Header Files\Mesh</Filter>
    </ClInclude>
    <ClInclude Include="MeshPrimitiveCube.h">
      <Filter>Header Files\Mesh\Primitives</Filter>
    </ClInclude>
    <ClInclude Include="MeshPrimitiveBase.h">
      <Filter>Header Files\Mesh\Primitives</Filter>
    </ClInclude>
    <ClInclude Include="MeshPrimitiveQuad.h">
      <Filter>Header Files\Mesh\Primitives</Filter>
    </ClInclude>
    <ClInclude Include="MeshPrimitiveSphere.h">
      <Filter>Header Files\Mesh\Primitives</Filter>
    </ClInclude>
    <ClInclude Include="Material.h">
      <Filter>Header Files\Rendering</Filter>
    </ClInclude>
    <ClInclude Include="MeshRenderer.h">
      <Filter>Header Files\Rendering</Filter>
    </ClInclude>
    <ClInclude Include="Shader.h">
      <Filter>Header Files\Rendering</Filter>
    </ClInclude>
    <ClInclude Include="Scene.h">
      <Filter>Header Files\Scene Management</Filter>
    </ClInclude>
    <ClInclude Include="SceneExample_LitForward.h">
      <Filter>Header Files\Scene Management\Examples</Filter>
    </ClInclude>
    <ClInclude Include="SceneExample.h">
      <Filter>Header Files\Scene Management\Examples</Filter>
    </ClInclude>
    <ClInclude Include="Skybox.h">
      <Filter>Header Files\Rendering</Filter>
    </ClInclude>
    <ClInclude Include="WorldOutlinerUI.h">
      <Filter>Header Files\UI</Filter>
    </ClInclude>
    <ClInclude Include="PositionOscillator.h">
      <Filter>Header Files\Movement</Filter>
    </ClInclude>
    <ClInclude Include="Rotator.h">
      <Filter>Header Files\Movement</Filter>
    </ClInclude>
    <ClInclude Include="ScaleOscillator.h">
      <Filter>Header Files\Movement</Filter>
    </ClInclude>
    <ClInclude Include="PropertiesUI.h">
      <Filter>Header Files\UI</Filter>
    </ClInclude>
    <ClInclude Include="Time.h">
      <Filter>Header Files</Filter>
    </ClInclude>
  </ItemGroup>
  <ItemGroup>
    <None Include="res\shaders\lamp.frag.glsl">
      <Filter>Resource Files</Filter>
    </None>
    <None Include="res\shaders\lamp.vert.glsl">
      <Filter>Resource Files</Filter>
    </None>
    <None Include="res\shaders\lighting.frag.glsl">
      <Filter>Resource Files</Filter>
    </None>
    <None Include="res\shaders\lighting.vert.glsl">
      <Filter>Resource Files</Filter>
    </None>
    <None Include="res\shaders\skybox.frag.glsl">
      <Filter>Resource Files</Filter>
    </None>
    <None Include="res\shaders\skybox.vert.glsl">
      <Filter>Resource Files</Filter>
    </None>
  </ItemGroup>
</Project>